// !$*UTF8*$!
{
	archiveVersion = 1;
	classes = {
	};
	objectVersion = 48;
	objects = {

/* Begin PBXBuildFile section */
		BCCF74092015B05900CABABA /* AppDelegate.swift in Sources */ = {isa = PBXBuildFile; fileRef = BCCF74082015B05900CABABA /* AppDelegate.swift */; };
		BCCF740B2015B05900CABABA /* ViewController.swift in Sources */ = {isa = PBXBuildFile; fileRef = BCCF740A2015B05900CABABA /* ViewController.swift */; };
		BCCF740E2015B05900CABABA /* Main.storyboard in Resources */ = {isa = PBXBuildFile; fileRef = BCCF740C2015B05900CABABA /* Main.storyboard */; };
		BCCF74102015B05900CABABA /* Assets.xcassets in Resources */ = {isa = PBXBuildFile; fileRef = BCCF740F2015B05900CABABA /* Assets.xcassets */; };
		BCCF74132015B05900CABABA /* LaunchScreen.storyboard in Resources */ = {isa = PBXBuildFile; fileRef = BCCF74112015B05900CABABA /* LaunchScreen.storyboard */; };
		BCCF741E2015B05A00CABABA /* LearnSwiftTests.swift in Sources */ = {isa = PBXBuildFile; fileRef = BCCF741D2015B05A00CABABA /* LearnSwiftTests.swift */; };
		BCCF74292015B05A00CABABA /* LearnSwiftUITests.swift in Sources */ = {isa = PBXBuildFile; fileRef = BCCF74282015B05A00CABABA /* LearnSwiftUITests.swift */; };
		BCD0BF15205A5F2F00699CFB /* MyTableViewCell.swift in Sources */ = {isa = PBXBuildFile; fileRef = BCD0BF14205A5F2F00699CFB /* MyTableViewCell.swift */; };
/* End PBXBuildFile section */

/* Begin PBXContainerItemProxy section */
		BCCF741A2015B05A00CABABA /* PBXContainerItemProxy */ = {
			isa = PBXContainerItemProxy;
			containerPortal = BCCF73FD2015B05900CABABA /* Project object */;
			proxyType = 1;
			remoteGlobalIDString = BCCF74042015B05900CABABA;
			remoteInfo = LearnSwift;
		};
		BCCF74252015B05A00CABABA /* PBXContainerItemProxy */ = {
			isa = PBXContainerItemProxy;
			containerPortal = BCCF73FD2015B05900CABABA /* Project object */;
			proxyType = 1;
			remoteGlobalIDString = BCCF74042015B05900CABABA;
			remoteInfo = LearnSwift;
		};
/* End PBXContainerItemProxy section */

/* Begin PBXFileReference section */
		BCCF74052015B05900CABABA /* LearnSwift.app */ = {isa = PBXFileReference; explicitFileType = wrapper.application; includeInIndex = 0; path = LearnSwift.app; sourceTree = BUILT_PRODUCTS_DIR; };
		BCCF74082015B05900CABABA /* AppDelegate.swift */ = {isa = PBXFileReference; lastKnownFileType = sourcecode.swift; path = AppDelegate.swift; sourceTree = "<group>"; };
		BCCF740A2015B05900CABABA /* ViewController.swift */ = {isa = PBXFileReference; lastKnownFileType = sourcecode.swift; path = ViewController.swift; sourceTree = "<group>"; };
		BCCF740D2015B05900CABABA /* Base */ = {isa = PBXFileReference; lastKnownFileType = file.storyboard; name = Base; path = Base.lproj/Main.storyboard; sourceTree = "<group>"; };
		BCCF740F2015B05900CABABA /* Assets.xcassets */ = {isa = PBXFileReference; lastKnownFileType = folder.assetcatalog; path = Assets.xcassets; sourceTree = "<group>"; };
		BCCF74122015B05900CABABA /* Base */ = {isa = PBXFileReference; lastKnownFileType = file.storyboard; name = Base; path = Base.lproj/LaunchScreen.storyboard; sourceTree = "<group>"; };
		BCCF74142015B05A00CABABA /* Info.plist */ = {isa = PBXFileReference; lastKnownFileType = text.plist.xml; path = Info.plist; sourceTree = "<group>"; };
		BCCF74192015B05A00CABABA /* LearnSwiftTests.xctest */ = {isa = PBXFileReference; explicitFileType = wrapper.cfbundle; includeInIndex = 0; path = LearnSwiftTests.xctest; sourceTree = BUILT_PRODUCTS_DIR; };
		BCCF741D2015B05A00CABABA /* LearnSwiftTests.swift */ = {isa = PBXFileReference; lastKnownFileType = sourcecode.swift; path = LearnSwiftTests.swift; sourceTree = "<group>"; };
		BCCF741F2015B05A00CABABA /* Info.plist */ = {isa = PBXFileReference; lastKnownFileType = text.plist.xml; path = Info.plist; sourceTree = "<group>"; };
		BCCF74242015B05A00CABABA /* LearnSwiftUITests.xctest */ = {isa = PBXFileReference; explicitFileType = wrapper.cfbundle; includeInIndex = 0; path = LearnSwiftUITests.xctest; sourceTree = BUILT_PRODUCTS_DIR; };
		BCCF74282015B05A00CABABA /* LearnSwiftUITests.swift */ = {isa = PBXFileReference; lastKnownFileType = sourcecode.swift; path = LearnSwiftUITests.swift; sourceTree = "<group>"; };
		BCCF742A2015B05A00CABABA /* Info.plist */ = {isa = PBXFileReference; lastKnownFileType = text.plist.xml; path = Info.plist; sourceTree = "<group>"; };
		BCD0BF14205A5F2F00699CFB /* MyTableViewCell.swift */ = {isa = PBXFileReference; lastKnownFileType = sourcecode.swift; path = MyTableViewCell.swift; sourceTree = "<group>"; };
/* End PBXFileReference section */

/* Begin PBXFrameworksBuildPhase section */
		BCCF74022015B05900CABABA /* Frameworks */ = {
			isa = PBXFrameworksBuildPhase;
			buildActionMask = 2147483647;
			files = (
			);
			runOnlyForDeploymentPostprocessing = 0;
		};
		BCCF74162015B05A00CABABA /* Frameworks */ = {
			isa = PBXFrameworksBuildPhase;
			buildActionMask = 2147483647;
			files = (
			);
			runOnlyForDeploymentPostprocessing = 0;
		};
		BCCF74212015B05A00CABABA /* Frameworks */ = {
			isa = PBXFrameworksBuildPhase;
			buildActionMask = 2147483647;
			files = (
			);
			runOnlyForDeploymentPostprocessing = 0;
		};
/* End PBXFrameworksBuildPhase section */

/* Begin PBXGroup section */
		BCCF73FC2015B05900CABABA = {
			isa = PBXGroup;
			children = (
				BCCF74072015B05900CABABA /* LearnSwift */,
				BCCF741C2015B05A00CABABA /* LearnSwiftTests */,
				BCCF74272015B05A00CABABA /* LearnSwiftUITests */,
				BCCF74062015B05900CABABA /* Products */,
			);
			sourceTree = "<group>";
		};
		BCCF74062015B05900CABABA /* Products */ = {
			isa = PBXGroup;
			children = (
				BCCF74052015B05900CABABA /* LearnSwift.app */,
				BCCF74192015B05A00CABABA /* LearnSwiftTests.xctest */,
				BCCF74242015B05A00CABABA /* LearnSwiftUITests.xctest */,
			);
			name = Products;
			sourceTree = "<group>";
		};
		BCCF74072015B05900CABABA /* LearnSwift */ = {
			isa = PBXGroup;
			children = (
				BCCF74082015B05900CABABA /* AppDelegate.swift */,
				BCCF740A2015B05900CABABA /* ViewController.swift */,
				BCCF740C2015B05900CABABA /* Main.storyboard */,
				BCCF740F2015B05900CABABA /* Assets.xcassets */,
				BCCF74112015B05900CABABA /* LaunchScreen.storyboard */,
				BCCF74142015B05A00CABABA /* Info.plist */,
				BCD0BF14205A5F2F00699CFB /* MyTableViewCell.swift */,
			);
			path = LearnSwift;
			sourceTree = "<group>";
		};
		BCCF741C2015B05A00CABABA /* LearnSwiftTests */ = {
			isa = PBXGroup;
			children = (
				BCCF741D2015B05A00CABABA /* LearnSwiftTests.swift */,
				BCCF741F2015B05A00CABABA /* Info.plist */,
			);
			path = LearnSwiftTests;
			sourceTree = "<group>";
		};
		BCCF74272015B05A00CABABA /* LearnSwiftUITests */ = {
			isa = PBXGroup;
			children = (
				BCCF74282015B05A00CABABA /* LearnSwiftUITests.swift */,
				BCCF742A2015B05A00CABABA /* Info.plist */,
			);
			path = LearnSwiftUITests;
			sourceTree = "<group>";
		};
/* End PBXGroup section */

/* Begin PBXNativeTarget section */
		BCCF74042015B05900CABABA /* LearnSwift */ = {
			isa = PBXNativeTarget;
			buildConfigurationList = BCCF742D2015B05A00CABABA /* Build configuration list for PBXNativeTarget "LearnSwift" */;
			buildPhases = (
				BCCF74012015B05900CABABA /* Sources */,
				BCCF74022015B05900CABABA /* Frameworks */,
				BCCF74032015B05900CABABA /* Resources */,
			);
			buildRules = (
			);
			dependencies = (
			);
			name = LearnSwift;
			productName = LearnSwift;
			productReference = BCCF74052015B05900CABABA /* LearnSwift.app */;
			productType = "com.apple.product-type.application";
		};
		BCCF74182015B05A00CABABA /* LearnSwiftTests */ = {
			isa = PBXNativeTarget;
			buildConfigurationList = BCCF74302015B05A00CABABA /* Build configuration list for PBXNativeTarget "LearnSwiftTests" */;
			buildPhases = (
				BCCF74152015B05A00CABABA /* Sources */,
				BCCF74162015B05A00CABABA /* Frameworks */,
				BCCF74172015B05A00CABABA /* Resources */,
			);
			buildRules = (
			);
			dependencies = (
				BCCF741B2015B05A00CABABA /* PBXTargetDependency */,
			);
			name = LearnSwiftTests;
			productName = LearnSwiftTests;
			productReference = BCCF74192015B05A00CABABA /* LearnSwiftTests.xctest */;
			productType = "com.apple.product-type.bundle.unit-test";
		};
		BCCF74232015B05A00CABABA /* LearnSwiftUITests */ = {
			isa = PBXNativeTarget;
			buildConfigurationList = BCCF74332015B05A00CABABA /* Build configuration list for PBXNativeTarget "LearnSwiftUITests" */;
			buildPhases = (
				BCCF74202015B05A00CABABA /* Sources */,
				BCCF74212015B05A00CABABA /* Frameworks */,
				BCCF74222015B05A00CABABA /* Resources */,
			);
			buildRules = (
			);
			dependencies = (
				BCCF74262015B05A00CABABA /* PBXTargetDependency */,
			);
			name = LearnSwiftUITests;
			productName = LearnSwiftUITests;
			productReference = BCCF74242015B05A00CABABA /* LearnSwiftUITests.xctest */;
			productType = "com.apple.product-type.bundle.ui-testing";
		};
/* End PBXNativeTarget section */

/* Begin PBXProject section */
		BCCF73FD2015B05900CABABA /* Project object */ = {
			isa = PBXProject;
			attributes = {
				LastSwiftUpdateCheck = 0920;
				LastUpgradeCheck = 0920;
				ORGANIZATIONNAME = TestMasonry;
				TargetAttributes = {
					BCCF74042015B05900CABABA = {
						CreatedOnToolsVersion = 9.2;
						ProvisioningStyle = Automatic;
					};
					BCCF74182015B05A00CABABA = {
						CreatedOnToolsVersion = 9.2;
						ProvisioningStyle = Automatic;
						TestTargetID = BCCF74042015B05900CABABA;
					};
					BCCF74232015B05A00CABABA = {
						CreatedOnToolsVersion = 9.2;
						ProvisioningStyle = Automatic;
						TestTargetID = BCCF74042015B05900CABABA;
					};
				};
			};
			buildConfigurationList = BCCF74002015B05900CABABA /* Build configuration list for PBXProject "LearnSwift" */;
			compatibilityVersion = "Xcode 8.0";
			developmentRegion = en;
			hasScannedForEncodings = 0;
			knownRegions = (
				en,
				Base,
			);
			mainGroup = BCCF73FC2015B05900CABABA;
			productRefGroup = BCCF74062015B05900CABABA /* Products */;
			projectDirPath = "";
			projectRoot = "";
			targets = (
				BCCF74042015B05900CABABA /* LearnSwift */,
				BCCF74182015B05A00CABABA /* LearnSwiftTests */,
				BCCF74232015B05A00CABABA /* LearnSwiftUITests */,
			);
		};
/* End PBXProject section */

/* Begin PBXResourcesBuildPhase section */
		BCCF74032015B05900CABABA /* Resources */ = {
			isa = PBXResourcesBuildPhase;
			buildActionMask = 2147483647;
			files = (
				BCCF74132015B05900CABABA /* LaunchScreen.storyboard in Resources */,
				BCCF74102015B05900CABABA /* Assets.xcassets in Resources */,
				BCCF740E2015B05900CABABA /* Main.storyboard in Resources */,
			);
			runOnlyForDeploymentPostprocessing = 0;
		};
		BCCF74172015B05A00CABABA /* Resources */ = {
			isa = PBXResourcesBuildPhase;
			buildActionMask = 2147483647;
			files = (
			);
			runOnlyForDeploymentPostprocessing = 0;
		};
		BCCF74222015B05A00CABABA /* Resources */ = {
			isa = PBXResourcesBuildPhase;
			buildActionMask = 2147483647;
			files = (
			);
			runOnlyForDeploymentPostprocessing = 0;
		};
/* End PBXResourcesBuildPhase section */

/* Begin PBXSourcesBuildPhase section */
		BCCF74012015B05900CABABA /* Sources */ = {
			isa = PBXSourcesBuildPhase;
			buildActionMask = 2147483647;
			files = (
				BCCF740B2015B05900CABABA /* ViewController.swift in Sources */,
				BCCF74092015B05900CABABA /* AppDelegate.swift in Sources */,
				BCD0BF15205A5F2F00699CFB /* MyTableViewCell.swift in Sources */,
			);
			runOnlyForDeploymentPostprocessing = 0;
		};
		BCCF74152015B05A00CABABA /* Sources */ = {
			isa = PBXSourcesBuildPhase;
			buildActionMask = 2147483647;
			files = (
				BCCF741E2015B05A00CABABA /* LearnSwiftTests.swift in Sources */,
			);
			runOnlyForDeploymentPostprocessing = 0;
		};
		BCCF74202015B05A00CABABA /* Sources */ = {
			isa = PBXSourcesBuildPhase;
			buildActionMask = 2147483647;
			files = (
				BCCF74292015B05A00CABABA /* LearnSwiftUITests.swift in Sources */,
			);
			runOnlyForDeploymentPostprocessing = 0;
		};
/* End PBXSourcesBuildPhase section */

/* Begin PBXTargetDependency section */
		BCCF741B2015B05A00CABABA /* PBXTargetDependency */ = {
			isa = PBXTargetDependency;
			target = BCCF74042015B05900CABABA /* LearnSwift */;
			targetProxy = BCCF741A2015B05A00CABABA /* PBXContainerItemProxy */;
		};
		BCCF74262015B05A00CABABA /* PBXTargetDependency */ = {
			isa = PBXTargetDependency;
			target = BCCF74042015B05900CABABA /* LearnSwift */;
			targetProxy = BCCF74252015B05A00CABABA /* PBXContainerItemProxy */;
		};
/* End PBXTargetDependency section */

/* Begin PBXVariantGroup section */
		BCCF740C2015B05900CABABA /* Main.storyboard */ = {
			isa = PBXVariantGroup;
			children = (
				BCCF740D2015B05900CABABA /* Base */,
			);
			name = Main.storyboard;
			sourceTree = "<group>";
		};
		BCCF74112015B05900CABABA /* LaunchScreen.storyboard */ = {
			isa = PBXVariantGroup;
			children = (
				BCCF74122015B05900CABABA /* Base */,
			);
			name = LaunchScreen.storyboard;
			sourceTree = "<group>";
		};
/* End PBXVariantGroup section */

/* Begin XCBuildConfiguration section */
		BCCF742B2015B05A00CABABA /* Debug */ = {
			isa = XCBuildConfiguration;
			buildSettings = {
				ALWAYS_SEARCH_USER_PATHS = NO;
				CLANG_ANALYZER_NONNULL = YES;
				CLANG_ANALYZER_NUMBER_OBJECT_CONVERSION = YES_AGGRESSIVE;
				CLANG_CXX_LANGUAGE_STANDARD = "gnu++14";
				CLANG_CXX_LIBRARY = "libc++";
				CLANG_ENABLE_MODULES = YES;
				CLANG_ENABLE_OBJC_ARC = YES;
				CLANG_WARN_BLOCK_CAPTURE_AUTORELEASING = YES;
				CLANG_WARN_BOOL_CONVERSION = YES;
				CLANG_WARN_COMMA = YES;
				CLANG_WARN_CONSTANT_CONVERSION = YES;
				CLANG_WARN_DIRECT_OBJC_ISA_USAGE = YES_ERROR;
				CLANG_WARN_DOCUMENTATION_COMMENTS = YES;
				CLANG_WARN_EMPTY_BODY = YES;
				CLANG_WARN_ENUM_CONVERSION = YES;
				CLANG_WARN_INFINITE_RECURSION = YES;
				CLANG_WARN_INT_CONVERSION = YES;
				CLANG_WARN_NON_LITERAL_NULL_CONVERSION = YES;
				CLANG_WARN_OBJC_LITERAL_CONVERSION = YES;
				CLANG_WARN_OBJC_ROOT_CLASS = YES_ERROR;
				CLANG_WARN_RANGE_LOOP_ANALYSIS = YES;
				CLANG_WARN_STRICT_PROTOTYPES = YES;
				CLANG_WARN_SUSPICIOUS_MOVE = YES;
				CLANG_WARN_UNGUARDED_AVAILABILITY = YES_AGGRESSIVE;
				CLANG_WARN_UNREACHABLE_CODE = YES;
				CLANG_WARN__DUPLICATE_METHOD_MATCH = YES;
				CODE_SIGN_IDENTITY = "iPhone Developer";
				COPY_PHASE_STRIP = NO;
				DEBUG_INFORMATION_FORMAT = dwarf;
				ENABLE_STRICT_OBJC_MSGSEND = YES;
				ENABLE_TESTABILITY = YES;
				GCC_C_LANGUAGE_STANDARD = gnu11;
				GCC_DYNAMIC_NO_PIC = NO;
				GCC_NO_COMMON_BLOCKS = YES;
				GCC_OPTIMIZATION_LEVEL = 0;
				GCC_PREPROCESSOR_DEFINITIONS = (
					"DEBUG=1",
					"$(inherited)",
				);
				GCC_WARN_64_TO_32_BIT_CONVERSION = YES;
				GCC_WARN_ABOUT_RETURN_TYPE = YES_ERROR;
				GCC_WARN_UNDECLARED_SELECTOR = YES;
				GCC_WARN_UNINITIALIZED_AUTOS = YES_AGGRESSIVE;
				GCC_WARN_UNUSED_FUNCTION = YES;
				GCC_WARN_UNUSED_VARIABLE = YES;
				IPHONEOS_DEPLOYMENT_TARGET = 11.2;
				MTL_ENABLE_DEBUG_INFO = YES;
				ONLY_ACTIVE_ARCH = YES;
				SDKROOT = iphoneos;
				SWIFT_ACTIVE_COMPILATION_CONDITIONS = DEBUG;
				SWIFT_OPTIMIZATION_LEVEL = "-Onone";
			};
			name = Debug;
		};
		BCCF742C2015B05A00CABABA /* Release */ = {
			isa = XCBuildConfiguration;
			buildSettings = {
				ALWAYS_SEARCH_USER_PATHS = NO;
				CLANG_ANALYZER_NONNULL = YES;
				CLANG_ANALYZER_NUMBER_OBJECT_CONVERSION = YES_AGGRESSIVE;
				CLANG_CXX_LANGUAGE_STANDARD = "gnu++14";
				CLANG_CXX_LIBRARY = "libc++";
				CLANG_ENABLE_MODULES = YES;
				CLANG_ENABLE_OBJC_ARC = YES;
				CLANG_WARN_BLOCK_CAPTURE_AUTORELEASING = YES;
				CLANG_WARN_BOOL_CONVERSION = YES;
				CLANG_WARN_COMMA = YES;
				CLANG_WARN_CONSTANT_CONVERSION = YES;
				CLANG_WARN_DIRECT_OBJC_ISA_USAGE = YES_ERROR;
				CLANG_WARN_DOCUMENTATION_COMMENTS = YES;
				CLANG_WARN_EMPTY_BODY = YES;
				CLANG_WARN_ENUM_CONVERSION = YES;
				CLANG_WARN_INFINITE_RECURSION = YES;
				CLANG_WARN_INT_CONVERSION = YES;
				CLANG_WARN_NON_LITERAL_NULL_CONVERSION = YES;
				CLANG_WARN_OBJC_LITERAL_CONVERSION = YES;
				CLANG_WARN_OBJC_ROOT_CLASS = YES_ERROR;
				CLANG_WARN_RANGE_LOOP_ANALYSIS = YES;
				CLANG_WARN_STRICT_PROTOTYPES = YES;
				CLANG_WARN_SUSPICIOUS_MOVE = YES;
				CLANG_WARN_UNGUARDED_AVAILABILITY = YES_AGGRESSIVE;
				CLANG_WARN_UNREACHABLE_CODE = YES;
				CLANG_WARN__DUPLICATE_METHOD_MATCH = YES;
				CODE_SIGN_IDENTITY = "iPhone Developer";
				COPY_PHASE_STRIP = NO;
				DEBUG_INFORMATION_FORMAT = "dwarf-with-dsym";
				ENABLE_NS_ASSERTIONS = NO;
				ENABLE_STRICT_OBJC_MSGSEND = YES;
				GCC_C_LANGUAGE_STANDARD = gnu11;
				GCC_NO_COMMON_BLOCKS = YES;
				GCC_WARN_64_TO_32_BIT_CONVERSION = YES;
				GCC_WARN_ABOUT_RETURN_TYPE = YES_ERROR;
				GCC_WARN_UNDECLARED_SELECTOR = YES;
				GCC_WARN_UNINITIALIZED_AUTOS = YES_AGGRESSIVE;
				GCC_WARN_UNUSED_FUNCTION = YES;
				GCC_WARN_UNUSED_VARIABLE = YES;
				IPHONEOS_DEPLOYMENT_TARGET = 11.2;
				MTL_ENABLE_DEBUG_INFO = NO;
				SDKROOT = iphoneos;
				SWIFT_OPTIMIZATION_LEVEL = "-Owholemodule";
				VALIDATE_PRODUCT = YES;
			};
			name = Release;
		};
		BCCF742E2015B05A00CABABA /* Debug */ = {
			isa = XCBuildConfiguration;
			buildSettings = {
				ASSETCATALOG_COMPILER_APPICON_NAME = AppIcon;
				CODE_SIGN_STYLE = Automatic;
				INFOPLIST_FILE = LearnSwift/Info.plist;
				LD_RUNPATH_SEARCH_PATHS = "$(inherited) @executable_path/Frameworks";
				PRODUCT_BUNDLE_IDENTIFIER = com.tlfr.TestMasonry.LearnSwift;
				PRODUCT_NAME = "$(TARGET_NAME)";
				SWIFT_VERSION = 4.0;
				TARGETED_DEVICE_FAMILY = "1,2";
			};
			name = Debug;
		};
		BCCF742F2015B05A00CABABA /* Release */ = {
			isa = XCBuildConfiguration;
			buildSettings = {
				ASSETCATALOG_COMPILER_APPICON_NAME = AppIcon;
				CODE_SIGN_STYLE = Automatic;
				INFOPLIST_FILE = LearnSwift/Info.plist;
				LD_RUNPATH_SEARCH_PATHS = "$(inherited) @executable_path/Frameworks";
				PRODUCT_BUNDLE_IDENTIFIER = com.tlfr.TestMasonry.LearnSwift;
				PRODUCT_NAME = "$(TARGET_NAME)";
				SWIFT_VERSION = 4.0;
				TARGETED_DEVICE_FAMILY = "1,2";
			};
			name = Release;
		};
		BCCF74312015B05A00CABABA /* Debug */ = {
			isa = XCBuildConfiguration;
			buildSettings = {
				ALWAYS_EMBED_SWIFT_STANDARD_LIBRARIES = YES;
				BUNDLE_LOADER = "$(TEST_HOST)";
				CODE_SIGN_STYLE = Automatic;
				INFOPLIST_FILE = LearnSwiftTests/Info.plist;
				LD_RUNPATH_SEARCH_PATHS = "$(inherited) @executable_path/Frameworks @loader_path/Frameworks";
				PRODUCT_BUNDLE_IDENTIFIER = com.tlfr.TestMasonry.LearnSwiftTests;
				PRODUCT_NAME = "$(TARGET_NAME)";
				SWIFT_VERSION = 4.0;
				TARGETED_DEVICE_FAMILY = "1,2";
				TEST_HOST = "$(BUILT_PRODUCTS_DIR)/LearnSwift.app/LearnSwift";
			};
			name = Debug;
		};
		BCCF74322015B05A00CABABA /* Release */ = {
			isa = XCBuildConfiguration;
			buildSettings = {
				ALWAYS_EMBED_SWIFT_STANDARD_LIBRARIES = YES;
				BUNDLE_LOADER = "$(TEST_HOST)";
				CODE_SIGN_STYLE = Automatic;
				INFOPLIST_FILE = LearnSwiftTests/Info.plist;
				LD_RUNPATH_SEARCH_PATHS = "$(inherited) @executable_path/Frameworks @loader_path/Frameworks";
				PRODUCT_BUNDLE_IDENTIFIER = com.tlfr.TestMasonry.LearnSwiftTests;
				PRODUCT_NAME = "$(TARGET_NAME)";
				SWIFT_VERSION = 4.0;
				TARGETED_DEVICE_FAMILY = "1,2";
				TEST_HOST = "$(BUILT_PRODUCTS_DIR)/LearnSwift.app/LearnSwift";
			};
			name = Release;
		};
		BCCF74342015B05A00CABABA /* Debug */ = {
			isa = XCBuildConfiguration;
			buildSettings = {
				ALWAYS_EMBED_SWIFT_STANDARD_LIBRARIES = YES;
				CODE_SIGN_STYLE = Automatic;
				INFOPLIST_FILE = LearnSwiftUITests/Info.plist;
				LD_RUNPATH_SEARCH_PATHS = "$(inherited) @executable_path/Frameworks @loader_path/Frameworks";
				PRODUCT_BUNDLE_IDENTIFIER = com.tlfr.TestMasonry.LearnSwiftUITests;
				PRODUCT_NAME = "$(TARGET_NAME)";
				SWIFT_VERSION = 4.0;
				TARGETED_DEVICE_FAMILY = "1,2";
				TEST_TARGET_NAME = LearnSwift;
			};
			name = Debug;
		};
		BCCF74352015B05A00CABABA /* Release */ = {
			isa = XCBuildConfiguration;
			buildSettings = {
				ALWAYS_EMBED_SWIFT_STANDARD_LIBRARIES = YES;
				CODE_SIGN_STYLE = Automatic;
				INFOPLIST_FILE = LearnSwiftUITests/Info.plist;
				LD_RUNPATH_SEARCH_PATHS = "$(inherited) @executable_path/Frameworks @loader_path/Frameworks";
				PRODUCT_BUNDLE_IDENTIFIER = com.tlfr.TestMasonry.LearnSwiftUITests;
				PRODUCT_NAME = "$(TARGET_NAME)";
				SWIFT_VERSION = 4.0;
				TARGETED_DEVICE_FAMILY = "1,2";
				TEST_TARGET_NAME = LearnSwift;
			};
			name = Release;
		};
/* End XCBuildConfiguration section */

/* Begin XCConfigurationList section */
		BCCF74002015B05900CABABA /* Build configuration list for PBXProject "LearnSwift" */ = {
			isa = XCConfigurationList;
			buildConfigurations = (
				BCCF742B2015B05A00CABABA /* Debug */,
				BCCF742C2015B05A00CABABA /* Release */,
			);
			defaultConfigurationIsVisible = 0;
			defaultConfigurationName = Release;
		};
		BCCF742D2015B05A00CABABA /* Build configuration list for PBXNativeTarget "LearnSwift" */ = {
			isa = XCConfigurationList;
			buildConfigurations = (
				BCCF742E2015B05A00CABABA /* Debug */,
				BCCF742F2015B05A00CABABA /* Release */,
			);
			defaultConfigurationIsVisible = 0;
			defaultConfigurationName = Release;
		};
		BCCF74302015B05A00CABABA /* Build configuration list for PBXNativeTarget "LearnSwiftTests" */ = {
			isa = XCConfigurationList;
			buildConfigurations = (
				BCCF74312015B05A00CABABA /* Debug */,
				BCCF74322015B05A00CABABA /* Release */,
			);
			defaultConfigurationIsVisible = 0;
			defaultConfigurationName = Release;
		};
		BCCF74332015B05A00CABABA /* Build configuration list for PBXNativeTarget "LearnSwiftUITests" */ = {
			isa = XCConfigurationList;
			buildConfigurations = (
				BCCF74342015B05A00CABABA /* Debug */,
				BCCF74352015B05A00CABABA /* Release */,
			);
			defaultConfigurationIsVisible = 0;
			defaultConfigurationName = Release;
		};
/* End XCConfigurationList section */
	};
	rootObject = BCCF73FD2015B05900CABABA /* Project object */;
}
